{
  "name": "encrypted-jwt",
  "version": "1.0.0",
  "lockfileVersion": 2,
  "requires": true,
  "packages": {
    "": {
      "name": "encrypted-jwt",
      "version": "1.0.0",
      "license": "ISC",
      "dependencies": {
        "jose": "^4.9.3"
      }
    },
    "node_modules/jose": {
      "version": "4.9.3",
      "resolved": "https://registry.npmjs.org/jose/-/jose-4.9.3.tgz",
      "integrity": "sha512-f8E/z+T3Q0kA9txzH2DKvH/ds2uggcw0m3vVPSB9HrSkrQ7mojjifvS7aR8cw+lQl2Fcmx9npwaHpM/M3GD8UQ==",
      "funding": {
        "url": "https://github.com/sponsors/panva"
      }
    }
  },
  "dependencies": {
    "jose": {
      "version": "4.9.3",
      "resolved": "https://registry.npmjs.org/jose/-/jose-4.9.3.tgz",
      "integrity": "sha512-f8E/z+T3Q0kA9txzH2DKvH/ds2uggcw0m3vVPSB9HrSkrQ7mojjifvS7aR8cw+lQl2Fcmx9npwaHpM/M3GD8UQ=="
    }
  }
}
